# This file was autogenerated by Stack.
# You should not edit this file by hand.
# For more information, please see the documentation at:
#   https://docs.haskellstack.org/en/stable/lock_files

packages:
- completed:
    hackage: hakyll-4.15.1.0@sha256:df90fdb1e7e09e90557ad23a6d402ce042f820f690595e7e73db82220edcadcf,9924
    pantry-tree:
      sha256: 474bd1e22b8eb6c7ad8e397c1c6741204fff4b30ebc5d9d47576c43820d17e13
      size: 8860
  original:
    hackage: hakyll-4.15.1.0
snapshots:
- completed:
    sha256: b69a06c70e1092e2aa60ce69a4877c6181fbe53dfb7ea041cb98d97617d6007f
    size: 716491
    url: https://raw.githubusercontent.com/commercialhaskell/stackage-snapshots/master/nightly/2023/12/26.yaml
  original: nightly-2023-12-26
